
Microsoft Visual Studio Solution File, Format Version 12.00
# Visual Studio Version 16
VisualStudioVersion = 16.0.34729.46
MinimumVisualStudioVersion = 10.0.40219.1
Project("{FAE04EC0-301F-11D3-BF4B-00C04F79EFBC}") = "Cursach", "Cursach\Cursach.csproj", "{7902F51C-11C1-4853-B24B-F95BF83C2D0D}"
EndProject
Global
	GlobalSection(SolutionConfigurationPlatforms) = preSolution
		Debug|Any CPU = Debug|Any CPU
		Release|Any CPU = Release|Any CPU
	EndGlobalSection
	GlobalSection(ProjectConfigurationPlatforms) = postSolution
		{7902F51C-11C1-4853-B24B-F95BF83C2D0D}.Debug|Any CPU.ActiveCfg = Debug|Any CPU
		{7902F51C-11C1-4853-B24B-F95BF83C2D0D}.Debug|Any CPU.Build.0 = Debug|Any CPU
		{7902F51C-11C1-4853-B24B-F95BF83C2D0D}.Release|Any CPU.ActiveCfg = Release|Any CPU
		{7902F51C-11C1-4853-B24B-F95BF83C2D0D}.Release|Any CPU.Build.0 = Release|Any CPU
	EndGlobalSection
	GlobalSection(SolutionProperties) = preSolution
		HideSolutionNode = FALSE
	EndGlobalSection
	GlobalSection(ExtensibilityGlobals) = postSolution
		SolutionGuid = {DADEBFCB-BCC0-4EA4-9FB2-6227D99C69B1}
	EndGlobalSection
EndGlobal
